// !$*UTF8*$!
{
	archiveVersion = 1;
	classes = {
	};
	objectVersion = 50;
	objects = {

/* Begin PBXBuildFile section */
		226F0E0D25AD6D4900B55A89 /* main.cpp in Sources */ = {isa = PBXBuildFile; fileRef = 226F0E0C25AD6D4900B55A89 /* main.cpp */; };
		226F0E1725AD6DEE00B55A89 /* libcurl.3.tbd in Frameworks */ = {isa = PBXBuildFile; fileRef = 226F0E1425AD6DEE00B55A89 /* libcurl.3.tbd */; };
		226F0E1825AD6DEE00B55A89 /* libcurl.4.tbd in Frameworks */ = {isa = PBXBuildFile; fileRef = 226F0E1525AD6DEE00B55A89 /* libcurl.4.tbd */; };
		226F0E1925AD6DEE00B55A89 /* libcurl.tbd in Frameworks */ = {isa = PBXBuildFile; fileRef = 226F0E1625AD6DEE00B55A89 /* libcurl.tbd */; };
		226F0E1C25AE368300B55A89 /* getImage.cpp in Sources */ = {isa = PBXBuildFile; fileRef = 226F0E1A25AE368300B55A89 /* getImage.cpp */; };
/* End PBXBuildFile section */

/* Begin PBXCopyFilesBuildPhase section */
		226F0E0725AD6D4900B55A89 /* CopyFiles */ = {
			isa = PBXCopyFilesBuildPhase;
			buildActionMask = 2147483647;
			dstPath = /usr/share/man/man1/;
			dstSubfolderSpec = 0;
			files = (
			);
			runOnlyForDeploymentPostprocessing = 1;
		};
/* End PBXCopyFilesBuildPhase section */

/* Begin PBXFileReference section */
		226F0E0925AD6D4900B55A89 /* test */ = {isa = PBXFileReference; explicitFileType = "compiled.mach-o.executable"; includeInIndex = 0; path = test; sourceTree = BUILT_PRODUCTS_DIR; };
		226F0E0C25AD6D4900B55A89 /* main.cpp */ = {isa = PBXFileReference; lastKnownFileType = sourcecode.cpp.cpp; path = main.cpp; sourceTree = "<group>"; };
		226F0E1425AD6DEE00B55A89 /* libcurl.3.tbd */ = {isa = PBXFileReference; lastKnownFileType = "sourcecode.text-based-dylib-definition"; name = libcurl.3.tbd; path = usr/lib/libcurl.3.tbd; sourceTree = SDKROOT; };
		226F0E1525AD6DEE00B55A89 /* libcurl.4.tbd */ = {isa = PBXFileReference; lastKnownFileType = "sourcecode.text-based-dylib-definition"; name = libcurl.4.tbd; path = usr/lib/libcurl.4.tbd; sourceTree = SDKROOT; };
		226F0E1625AD6DEE00B55A89 /* libcurl.tbd */ = {isa = PBXFileReference; lastKnownFileType = "sourcecode.text-based-dylib-definition"; name = libcurl.tbd; path = usr/lib/libcurl.tbd; sourceTree = SDKROOT; };
		226F0E1A25AE368300B55A89 /* getImage.cpp */ = {isa = PBXFileReference; lastKnownFileType = sourcecode.cpp.cpp; path = getImage.cpp; sourceTree = "<group>"; };
		226F0E1B25AE368300B55A89 /* getImage.hpp */ = {isa = PBXFileReference; lastKnownFileType = sourcecode.cpp.h; path = getImage.hpp; sourceTree = "<group>"; };
/* End PBXFileReference section */

/* Begin PBXFrameworksBuildPhase section */
		226F0E0625AD6D4900B55A89 /* Frameworks */ = {
			isa = PBXFrameworksBuildPhase;
			buildActionMask = 2147483647;
			files = (
				226F0E1725AD6DEE00B55A89 /* libcurl.3.tbd in Frameworks */,
				226F0E1825AD6DEE00B55A89 /* libcurl.4.tbd in Frameworks */,
				226F0E1925AD6DEE00B55A89 /* libcurl.tbd in Frameworks */,
			);
			runOnlyForDeploymentPostprocessing = 0;
		};
/* End PBXFrameworksBuildPhase section */

/* Begin PBXGroup section */
		226F0E0025AD6D4900B55A89 = {
			isa = PBXGroup;
			children = (
				226F0E0B25AD6D4900B55A89 /* test */,
				226F0E0A25AD6D4900B55A89 /* Products */,
				226F0E1325AD6DEE00B55A89 /* Frameworks */,
			);
			sourceTree = "<group>";
		};
		226F0E0A25AD6D4900B55A89 /* Products */ = {
			isa = PBXGroup;
			children = (
				226F0E0925AD6D4900B55A89 /* test */,
			);
			name = Products;
			sourceTree = "<group>";
		};
		226F0E0B25AD6D4900B55A89 /* test */ = {
			isa = PBXGroup;
			children = (
				226F0E0C25AD6D4900B55A89 /* main.cpp */,
				226F0E1A25AE368300B55A89 /* getImage.cpp */,
				226F0E1B25AE368300B55A89 /* getImage.hpp */,
			);
			path = test;
			sourceTree = "<group>";
		};
		226F0E1325AD6DEE00B55A89 /* Frameworks */ = {
			isa = PBXGroup;
			children = (
				226F0E1425AD6DEE00B55A89 /* libcurl.3.tbd */,
				226F0E1525AD6DEE00B55A89 /* libcurl.4.tbd */,
				226F0E1625AD6DEE00B55A89 /* libcurl.tbd */,
			);
			name = Frameworks;
			sourceTree = "<group>";
		};
/* End PBXGroup section */

/* Begin PBXNativeTarget section */
		226F0E0825AD6D4900B55A89 /* test */ = {
			isa = PBXNativeTarget;
			buildConfigurationList = 226F0E1025AD6D4900B55A89 /* Build configuration list for PBXNativeTarget "test" */;
			buildPhases = (
				226F0E0525AD6D4900B55A89 /* Sources */,
				226F0E0625AD6D4900B55A89 /* Frameworks */,
				226F0E0725AD6D4900B55A89 /* CopyFiles */,
			);
			buildRules = (
			);
			dependencies = (
			);
			name = test;
			productName = test;
			productReference = 226F0E0925AD6D4900B55A89 /* test */;
			productType = "com.apple.product-type.tool";
		};
/* End PBXNativeTarget section */

/* Begin PBXProject section */
		226F0E0125AD6D4900B55A89 /* Project object */ = {
			isa = PBXProject;
			attributes = {
				LastUpgradeCheck = 1150;
				ORGANIZATIONNAME = "Benjamin Barnett";
				TargetAttributes = {
					226F0E0825AD6D4900B55A89 = {
						CreatedOnToolsVersion = 11.5;
					};
				};
			};
			buildConfigurationList = 226F0E0425AD6D4900B55A89 /* Build configuration list for PBXProject "test" */;
			compatibilityVersion = "Xcode 9.3";
			developmentRegion = en;
			hasScannedForEncodings = 0;
			knownRegions = (
				en,
				Base,
			);
			mainGroup = 226F0E0025AD6D4900B55A89;
			productRefGroup = 226F0E0A25AD6D4900B55A89 /* Products */;
			projectDirPath = "";
			projectRoot = "";
			targets = (
				226F0E0825AD6D4900B55A89 /* test */,
			);
		};
/* End PBXProject section */

/* Begin PBXSourcesBuildPhase section */
		226F0E0525AD6D4900B55A89 /* Sources */ = {
			isa = PBXSourcesBuildPhase;
			buildActionMask = 2147483647;
			files = (
				226F0E0D25AD6D4900B55A89 /* main.cpp in Sources */,
				226F0E1C25AE368300B55A89 /* getImage.cpp in Sources */,
			);
			runOnlyForDeploymentPostprocessing = 0;
		};
/* End PBXSourcesBuildPhase section */

/* Begin XCBuildConfiguration section */
		226F0E0E25AD6D4900B55A89 /* Debug */ = {
			isa = XCBuildConfiguration;
			buildSettings = {
				ALWAYS_SEARCH_USER_PATHS = NO;
				CLANG_ANALYZER_NONNULL = YES;
				CLANG_ANALYZER_NUMBER_OBJECT_CONVERSION = YES_AGGRESSIVE;
				CLANG_CXX_LANGUAGE_STANDARD = "gnu++14";
				CLANG_CXX_LIBRARY = "libc++";
				CLANG_ENABLE_MODULES = YES;
				CLANG_ENABLE_OBJC_ARC = YES;
				CLANG_ENABLE_OBJC_WEAK = YES;
				CLANG_WARN_BLOCK_CAPTURE_AUTORELEASING = YES;
				CLANG_WARN_BOOL_CONVERSION = YES;
				CLANG_WARN_COMMA = YES;
				CLANG_WARN_CONSTANT_CONVERSION = YES;
				CLANG_WARN_DEPRECATED_OBJC_IMPLEMENTATIONS = YES;
				CLANG_WARN_DIRECT_OBJC_ISA_USAGE = YES_ERROR;
				CLANG_WARN_DOCUMENTATION_COMMENTS = YES;
				CLANG_WARN_EMPTY_BODY = YES;
				CLANG_WARN_ENUM_CONVERSION = YES;
				CLANG_WARN_INFINITE_RECURSION = YES;
				CLANG_WARN_INT_CONVERSION = YES;
				CLANG_WARN_NON_LITERAL_NULL_CONVERSION = YES;
				CLANG_WARN_OBJC_IMPLICIT_RETAIN_SELF = YES;
				CLANG_WARN_OBJC_LITERAL_CONVERSION = YES;
				CLANG_WARN_OBJC_ROOT_CLASS = YES_ERROR;
				CLANG_WARN_RANGE_LOOP_ANALYSIS = YES;
				CLANG_WARN_STRICT_PROTOTYPES = YES;
				CLANG_WARN_SUSPICIOUS_MOVE = YES;
				CLANG_WARN_UNGUARDED_AVAILABILITY = YES_AGGRESSIVE;
				CLANG_WARN_UNREACHABLE_CODE = YES;
				CLANG_WARN__DUPLICATE_METHOD_MATCH = YES;
				COPY_PHASE_STRIP = NO;
				DEBUG_INFORMATION_FORMAT = dwarf;
				ENABLE_STRICT_OBJC_MSGSEND = YES;
				ENABLE_TESTABILITY = YES;
				GCC_C_LANGUAGE_STANDARD = gnu11;
				GCC_DYNAMIC_NO_PIC = NO;
				GCC_NO_COMMON_BLOCKS = YES;
				GCC_OPTIMIZATION_LEVEL = 0;
				GCC_PREPROCESSOR_DEFINITIONS = (
					"DEBUG=1",
					"$(inherited)",
				);
				GCC_WARN_64_TO_32_BIT_CONVERSION = YES;
				GCC_WARN_ABOUT_RETURN_TYPE = YES_ERROR;
				GCC_WARN_UNDECLARED_SELECTOR = YES;
				GCC_WARN_UNINITIALIZED_AUTOS = YES_AGGRESSIVE;
				GCC_WARN_UNUSED_FUNCTION = YES;
				GCC_WARN_UNUSED_VARIABLE = YES;
				MACOSX_DEPLOYMENT_TARGET = 10.15;
				MTL_ENABLE_DEBUG_INFO = INCLUDE_SOURCE;
				MTL_FAST_MATH = YES;
				ONLY_ACTIVE_ARCH = YES;
				SDKROOT = macosx;
			};
			name = Debug;
		};
		226F0E0F25AD6D4900B55A89 /* Release */ = {
			isa = XCBuildConfiguration;
			buildSettings = {
				ALWAYS_SEARCH_USER_PATHS = NO;
				CLANG_ANALYZER_NONNULL = YES;
				CLANG_ANALYZER_NUMBER_OBJECT_CONVERSION = YES_AGGRESSIVE;
				CLANG_CXX_LANGUAGE_STANDARD = "gnu++14";
				CLANG_CXX_LIBRARY = "libc++";
				CLANG_ENABLE_MODULES = YES;
				CLANG_ENABLE_OBJC_ARC = YES;
				CLANG_ENABLE_OBJC_WEAK = YES;
				CLANG_WARN_BLOCK_CAPTURE_AUTORELEASING = YES;
				CLANG_WARN_BOOL_CONVERSION = YES;
				CLANG_WARN_COMMA = YES;
				CLANG_WARN_CONSTANT_CONVERSION = YES;
				CLANG_WARN_DEPRECATED_OBJC_IMPLEMENTATIONS = YES;
				CLANG_WARN_DIRECT_OBJC_ISA_USAGE = YES_ERROR;
				CLANG_WARN_DOCUMENTATION_COMMENTS = YES;
				CLANG_WARN_EMPTY_BODY = YES;
				CLANG_WARN_ENUM_CONVERSION = YES;
				CLANG_WARN_INFINITE_RECURSION = YES;
				CLANG_WARN_INT_CONVERSION = YES;
				CLANG_WARN_NON_LITERAL_NULL_CONVERSION = YES;
				CLANG_WARN_OBJC_IMPLICIT_RETAIN_SELF = YES;
				CLANG_WARN_OBJC_LITERAL_CONVERSION = YES;
				CLANG_WARN_OBJC_ROOT_CLASS = YES_ERROR;
				CLANG_WARN_RANGE_LOOP_ANALYSIS = YES;
				CLANG_WARN_STRICT_PROTOTYPES = YES;
				CLANG_WARN_SUSPICIOUS_MOVE = YES;
				CLANG_WARN_UNGUARDED_AVAILABILITY = YES_AGGRESSIVE;
				CLANG_WARN_UNREACHABLE_CODE = YES;
				CLANG_WARN__DUPLICATE_METHOD_MATCH = YES;
				COPY_PHASE_STRIP = NO;
				DEBUG_INFORMATION_FORMAT = "dwarf-with-dsym";
				ENABLE_NS_ASSERTIONS = NO;
				ENABLE_STRICT_OBJC_MSGSEND = YES;
				GCC_C_LANGUAGE_STANDARD = gnu11;
				GCC_NO_COMMON_BLOCKS = YES;
				GCC_WARN_64_TO_32_BIT_CONVERSION = YES;
				GCC_WARN_ABOUT_RETURN_TYPE = YES_ERROR;
				GCC_WARN_UNDECLARED_SELECTOR = YES;
				GCC_WARN_UNINITIALIZED_AUTOS = YES_AGGRESSIVE;
				GCC_WARN_UNUSED_FUNCTION = YES;
				GCC_WARN_UNUSED_VARIABLE = YES;
				MACOSX_DEPLOYMENT_TARGET = 10.15;
				MTL_ENABLE_DEBUG_INFO = NO;
				MTL_FAST_MATH = YES;
				SDKROOT = macosx;
			};
			name = Release;
		};
		226F0E1125AD6D4900B55A89 /* Debug */ = {
			isa = XCBuildConfiguration;
			buildSettings = {
				CODE_SIGN_STYLE = Automatic;
				PRODUCT_NAME = "$(TARGET_NAME)";
			};
			name = Debug;
		};
		226F0E1225AD6D4900B55A89 /* Release */ = {
			isa = XCBuildConfiguration;
			buildSettings = {
				CODE_SIGN_STYLE = Automatic;
				PRODUCT_NAME = "$(TARGET_NAME)";
			};
			name = Release;
		};
/* End XCBuildConfiguration section */

/* Begin XCConfigurationList section */
		226F0E0425AD6D4900B55A89 /* Build configuration list for PBXProject "test" */ = {
			isa = XCConfigurationList;
			buildConfigurations = (
				226F0E0E25AD6D4900B55A89 /* Debug */,
				226F0E0F25AD6D4900B55A89 /* Release */,
			);
			defaultConfigurationIsVisible = 0;
			defaultConfigurationName = Release;
		};
		226F0E1025AD6D4900B55A89 /* Build configuration list for PBXNativeTarget "test" */ = {
			isa = XCConfigurationList;
			buildConfigurations = (
				226F0E1125AD6D4900B55A89 /* Debug */,
				226F0E1225AD6D4900B55A89 /* Release */,
			);
			defaultConfigurationIsVisible = 0;
			defaultConfigurationName = Release;
		};
/* End XCConfigurationList section */
	};
	rootObject = 226F0E0125AD6D4900B55A89 /* Project object */;
}
